
Microsoft Visual Studio Solution File, Format Version 12.00
# Visual Studio Version 16
VisualStudioVersion = 16.0.30406.217
MinimumVisualStudioVersion = 10.0.40219.1
Project("{FAE04EC0-301F-11D3-BF4B-00C04F79EFBC}") = "PageOrientation.Android", "PageOrientation.Android\PageOrientation.Android.csproj", "{9825F9CD-E595-4D98-842D-9B773278626A}"
EndProject
Project("{FAE04EC0-301F-11D3-BF4B-00C04F79EFBC}") = "PageOrientation.iOS", "PageOrientation.iOS\PageOrientation.iOS.csproj", "{C355D5F0-7217-4180-B9CB-7DB75BC50C95}"
EndProject
Project("{FAE04EC0-301F-11D3-BF4B-00C04F79EFBC}") = "PageOrientation", "PageOrientation\PageOrientation.csproj", "{902FA7C7-C7CE-47B3-AEC7-6B83BAC588B4}"
EndProject
Global
	GlobalSection(SolutionConfigurationPlatforms) = preSolution
		Debug|Any CPU = Debug|Any CPU
		Debug|iPhone = Debug|iPhone
		Debug|iPhoneSimulator = Debug|iPhoneSimulator
		Release|Any CPU = Release|Any CPU
		Release|iPhone = Release|iPhone
		Release|iPhoneSimulator = Release|iPhoneSimulator
	EndGlobalSection
	GlobalSection(ProjectConfigurationPlatforms) = postSolution
		{9825F9CD-E595-4D98-842D-9B773278626A}.Debug|Any CPU.ActiveCfg = Debug|Any CPU
		{9825F9CD-E595-4D98-842D-9B773278626A}.Debug|Any CPU.Build.0 = Debug|Any CPU
		{9825F9CD-E595-4D98-842D-9B773278626A}.Debug|Any CPU.Deploy.0 = Debug|Any CPU
		{9825F9CD-E595-4D98-842D-9B773278626A}.Debug|iPhone.ActiveCfg = Debug|Any CPU
		{9825F9CD-E595-4D98-842D-9B773278626A}.Debug|iPhone.Build.0 = Debug|Any CPU
		{9825F9CD-E595-4D98-842D-9B773278626A}.Debug|iPhone.Deploy.0 = Debug|Any CPU
		{9825F9CD-E595-4D98-842D-9B773278626A}.Debug|iPhoneSimulator.ActiveCfg = Debug|Any CPU
		{9825F9CD-E595-4D98-842D-9B773278626A}.Debug|iPhoneSimulator.Build.0 = Debug|Any CPU
		{9825F9CD-E595-4D98-842D-9B773278626A}.Debug|iPhoneSimulator.Deploy.0 = Debug|Any CPU
		{9825F9CD-E595-4D98-842D-9B773278626A}.Release|Any CPU.ActiveCfg = Release|Any CPU
		{9825F9CD-E595-4D98-842D-9B773278626A}.Release|Any CPU.Build.0 = Release|Any CPU
		{9825F9CD-E595-4D98-842D-9B773278626A}.Release|Any CPU.Deploy.0 = Release|Any CPU
		{9825F9CD-E595-4D98-842D-9B773278626A}.Release|iPhone.ActiveCfg = Release|Any CPU
		{9825F9CD-E595-4D98-842D-9B773278626A}.Release|iPhone.Build.0 = Release|Any CPU
		{9825F9CD-E595-4D98-842D-9B773278626A}.Release|iPhone.Deploy.0 = Release|Any CPU
		{9825F9CD-E595-4D98-842D-9B773278626A}.Release|iPhoneSimulator.ActiveCfg = Release|Any CPU
		{9825F9CD-E595-4D98-842D-9B773278626A}.Release|iPhoneSimulator.Build.0 = Release|Any CPU
		{9825F9CD-E595-4D98-842D-9B773278626A}.Release|iPhoneSimulator.Deploy.0 = Release|Any CPU
		{C355D5F0-7217-4180-B9CB-7DB75BC50C95}.Debug|Any CPU.ActiveCfg = Debug|iPhone
		{C355D5F0-7217-4180-B9CB-7DB75BC50C95}.Debug|Any CPU.Build.0 = Debug|iPhone
		{C355D5F0-7217-4180-B9CB-7DB75BC50C95}.Debug|Any CPU.Deploy.0 = Debug|iPhone
		{C355D5F0-7217-4180-B9CB-7DB75BC50C95}.Debug|iPhone.ActiveCfg = Debug|iPhone
		{C355D5F0-7217-4180-B9CB-7DB75BC50C95}.Debug|iPhone.Build.0 = Debug|iPhone
		{C355D5F0-7217-4180-B9CB-7DB75BC50C95}.Debug|iPhone.Deploy.0 = Debug|iPhone
		{C355D5F0-7217-4180-B9CB-7DB75BC50C95}.Debug|iPhoneSimulator.ActiveCfg = Debug|iPhoneSimulator
		{C355D5F0-7217-4180-B9CB-7DB75BC50C95}.Debug|iPhoneSimulator.Build.0 = Debug|iPhoneSimulator
		{C355D5F0-7217-4180-B9CB-7DB75BC50C95}.Debug|iPhoneSimulator.Deploy.0 = Debug|iPhoneSimulator
		{C355D5F0-7217-4180-B9CB-7DB75BC50C95}.Release|Any CPU.ActiveCfg = Release|iPhone
		{C355D5F0-7217-4180-B9CB-7DB75BC50C95}.Release|Any CPU.Build.0 = Release|iPhone
		{C355D5F0-7217-4180-B9CB-7DB75BC50C95}.Release|Any CPU.Deploy.0 = Release|iPhone
		{C355D5F0-7217-4180-B9CB-7DB75BC50C95}.Release|iPhone.ActiveCfg = Release|iPhone
		{C355D5F0-7217-4180-B9CB-7DB75BC50C95}.Release|iPhone.Build.0 = Release|iPhone
		{C355D5F0-7217-4180-B9CB-7DB75BC50C95}.Release|iPhone.Deploy.0 = Release|iPhone
		{C355D5F0-7217-4180-B9CB-7DB75BC50C95}.Release|iPhoneSimulator.ActiveCfg = Release|iPhoneSimulator
		{C355D5F0-7217-4180-B9CB-7DB75BC50C95}.Release|iPhoneSimulator.Build.0 = Release|iPhoneSimulator
		{C355D5F0-7217-4180-B9CB-7DB75BC50C95}.Release|iPhoneSimulator.Deploy.0 = Release|iPhoneSimulator
		{902FA7C7-C7CE-47B3-AEC7-6B83BAC588B4}.Debug|Any CPU.ActiveCfg = Debug|Any CPU
		{902FA7C7-C7CE-47B3-AEC7-6B83BAC588B4}.Debug|Any CPU.Build.0 = Debug|Any CPU
		{902FA7C7-C7CE-47B3-AEC7-6B83BAC588B4}.Debug|Any CPU.Deploy.0 = Debug|Any CPU
		{902FA7C7-C7CE-47B3-AEC7-6B83BAC588B4}.Debug|iPhone.ActiveCfg = Debug|Any CPU
		{902FA7C7-C7CE-47B3-AEC7-6B83BAC588B4}.Debug|iPhone.Build.0 = Debug|Any CPU
		{902FA7C7-C7CE-47B3-AEC7-6B83BAC588B4}.Debug|iPhone.Deploy.0 = Debug|Any CPU
		{902FA7C7-C7CE-47B3-AEC7-6B83BAC588B4}.Debug|iPhoneSimulator.ActiveCfg = Debug|Any CPU
		{902FA7C7-C7CE-47B3-AEC7-6B83BAC588B4}.Debug|iPhoneSimulator.Build.0 = Debug|Any CPU
		{902FA7C7-C7CE-47B3-AEC7-6B83BAC588B4}.Debug|iPhoneSimulator.Deploy.0 = Debug|Any CPU
		{902FA7C7-C7CE-47B3-AEC7-6B83BAC588B4}.Release|Any CPU.ActiveCfg = Release|Any CPU
		{902FA7C7-C7CE-47B3-AEC7-6B83BAC588B4}.Release|Any CPU.Build.0 = Release|Any CPU
		{902FA7C7-C7CE-47B3-AEC7-6B83BAC588B4}.Release|Any CPU.Deploy.0 = Release|Any CPU
		{902FA7C7-C7CE-47B3-AEC7-6B83BAC588B4}.Release|iPhone.ActiveCfg = Release|Any CPU
		{902FA7C7-C7CE-47B3-AEC7-6B83BAC588B4}.Release|iPhone.Build.0 = Release|Any CPU
		{902FA7C7-C7CE-47B3-AEC7-6B83BAC588B4}.Release|iPhone.Deploy.0 = Release|Any CPU
		{902FA7C7-C7CE-47B3-AEC7-6B83BAC588B4}.Release|iPhoneSimulator.ActiveCfg = Release|Any CPU
		{902FA7C7-C7CE-47B3-AEC7-6B83BAC588B4}.Release|iPhoneSimulator.Build.0 = Release|Any CPU
		{902FA7C7-C7CE-47B3-AEC7-6B83BAC588B4}.Release|iPhoneSimulator.Deploy.0 = Release|Any CPU
	EndGlobalSection
	GlobalSection(SolutionProperties) = preSolution
		HideSolutionNode = FALSE
	EndGlobalSection
	GlobalSection(ExtensibilityGlobals) = postSolution
		SolutionGuid = {8DA68E37-F97C-4540-9BFF-B9FB8D0DFC29}
	EndGlobalSection
EndGlobal
